
Microsoft Visual Studio Solution File, Format Version 12.00
# Visual Studio Version 17
VisualStudioVersion = 17.5.33414.496
MinimumVisualStudioVersion = 10.0.40219.1
Project("{8BC9CEB8-8B4A-11D0-8D11-00A0C91BC942}") = "Lecture07", "Lecture07.vcxproj", "{F53A4431-E626-4648-8A4E-AFA5B83C5AA5}"
EndProject
Project("{8BC9CEB8-8B4A-11D0-8D11-00A0C91BC942}") = "Lecture07_1", "..\Lecture07_1\Lecture07_1.vcxproj", "{122BA8D7-9A34-495C-B009-E06B3A485D08}"
EndProject
Global
	GlobalSection(SolutionConfigurationPlatforms) = preSolution
		Debug|x64 = Debug|x64
		Debug|x86 = Debug|x86
		Release|x64 = Release|x64
		Release|x86 = Release|x86
	EndGlobalSection
	GlobalSection(ProjectConfigurationPlatforms) = postSolution
		{F53A4431-E626-4648-8A4E-AFA5B83C5AA5}.Debug|x64.ActiveCfg = Debug|x64
		{F53A4431-E626-4648-8A4E-AFA5B83C5AA5}.Debug|x64.Build.0 = Debug|x64
		{F53A4431-E626-4648-8A4E-AFA5B83C5AA5}.Debug|x86.ActiveCfg = Debug|Win32
		{F53A4431-E626-4648-8A4E-AFA5B83C5AA5}.Debug|x86.Build.0 = Debug|Win32
		{F53A4431-E626-4648-8A4E-AFA5B83C5AA5}.Release|x64.ActiveCfg = Release|x64
		{F53A4431-E626-4648-8A4E-AFA5B83C5AA5}.Release|x64.Build.0 = Release|x64
		{F53A4431-E626-4648-8A4E-AFA5B83C5AA5}.Release|x86.ActiveCfg = Release|Win32
		{F53A4431-E626-4648-8A4E-AFA5B83C5AA5}.Release|x86.Build.0 = Release|Win32
		{122BA8D7-9A34-495C-B009-E06B3A485D08}.Debug|x64.ActiveCfg = Debug|x64
		{122BA8D7-9A34-495C-B009-E06B3A485D08}.Debug|x64.Build.0 = Debug|x64
		{122BA8D7-9A34-495C-B009-E06B3A485D08}.Debug|x86.ActiveCfg = Debug|Win32
		{122BA8D7-9A34-495C-B009-E06B3A485D08}.Debug|x86.Build.0 = Debug|Win32
		{122BA8D7-9A34-495C-B009-E06B3A485D08}.Release|x64.ActiveCfg = Release|x64
		{122BA8D7-9A34-495C-B009-E06B3A485D08}.Release|x64.Build.0 = Release|x64
		{122BA8D7-9A34-495C-B009-E06B3A485D08}.Release|x86.ActiveCfg = Release|Win32
		{122BA8D7-9A34-495C-B009-E06B3A485D08}.Release|x86.Build.0 = Release|Win32
	EndGlobalSection
	GlobalSection(SolutionProperties) = preSolution
		HideSolutionNode = FALSE
	EndGlobalSection
	GlobalSection(ExtensibilityGlobals) = postSolution
		SolutionGuid = {FCF30F3D-9D53-48F7-B151-9BDAFA3376AC}
	EndGlobalSection
EndGlobal
